
Microsoft Visual Studio Solution File, Format Version 12.00
# Visual Studio Version 17
VisualStudioVersion = 17.1.32421.90
MinimumVisualStudioVersion = 10.0.40219.1
Project("{D954291E-2A0B-460D-934E-DC6B0785DB48}") = "ToDoDatePicker.Shared", "ToDoDatePicker\ToDoDatePicker.Shared\ToDoDatePicker.Shared.shproj", "{6279C845-92F8-4333-AB99-3D213163593C}"
EndProject
Project("{2150E333-8FDC-42A3-9474-1A3956D46DE8}") = "Platforms", "Platforms", "{B8079407-0D8E-4E40-B0E4-AC6A6BA81991}"
EndProject
Project("{FAE04EC0-301F-11D3-BF4B-00C04F79EFBC}") = "ToDoDatePicker.Droid", "ToDoDatePicker\ToDoDatePicker.Droid\ToDoDatePicker.Droid.csproj", "{F84681FE-6561-413B-B0CC-4F6D2F8524A6}"
EndProject
Project("{FAE04EC0-301F-11D3-BF4B-00C04F79EFBC}") = "ToDoDatePicker.iOS", "ToDoDatePicker\ToDoDatePicker.iOS\ToDoDatePicker.iOS.csproj", "{DA1AE7AE-35AD-4BB8-948F-0B8130B4665A}"
EndProject
Project("{FAE04EC0-301F-11D3-BF4B-00C04F79EFBC}") = "ToDoDatePicker.UWP", "ToDoDatePicker\ToDoDatePicker.UWP\ToDoDatePicker.UWP.csproj", "{DC52796F-8D4C-4D23-B643-5477A32421BB}"
EndProject
Project("{FAE04EC0-301F-11D3-BF4B-00C04F79EFBC}") = "ToDoDatePicker.Wasm", "ToDoDatePicker\ToDoDatePicker.Wasm\ToDoDatePicker.Wasm.csproj", "{EC3D4064-AA67-4D78-8CEF-09D2B75D82AD}"
EndProject
Project("{FAE04EC0-301F-11D3-BF4B-00C04F79EFBC}") = "ToDoDatePicker.macOS", "ToDoDatePicker\ToDoDatePicker.macOS\ToDoDatePicker.macOS.csproj", "{5C295D78-E243-4108-B0BB-9DD68E9991EE}"
EndProject
Project("{FAE04EC0-301F-11D3-BF4B-00C04F79EFBC}") = "ToDoDatePicker.Skia.Wpf.Host", "ToDoDatePicker\ToDoDatePicker.Skia.Wpf.Host\ToDoDatePicker.Skia.Wpf.Host.csproj", "{DB070D68-4D9F-47B1-8F30-735A0C87EFAD}"
EndProject
Project("{FAE04EC0-301F-11D3-BF4B-00C04F79EFBC}") = "ToDoDatePicker.Skia.Wpf", "ToDoDatePicker\ToDoDatePicker.Skia.Wpf\ToDoDatePicker.Skia.Wpf.csproj", "{FFC7DA04-6E1D-4499-87D7-24D9454CDFD3}"
EndProject
Project("{FAE04EC0-301F-11D3-BF4B-00C04F79EFBC}") = "ToDoDatePicker.Skia.Gtk", "ToDoDatePicker\ToDoDatePicker.Skia.Gtk\ToDoDatePicker.Skia.Gtk.csproj", "{425BFC8C-FE94-49A5-AABD-22D9FE0E4CB4}"
EndProject
Project("{FAE04EC0-301F-11D3-BF4B-00C04F79EFBC}") = "ToDoDatePicker.Skia.Tizen", "ToDoDatePicker\ToDoDatePicker.Skia.Tizen\ToDoDatePicker.Skia.Tizen.csproj", "{B017E655-4BEA-4AC1-8207-B91667BFFC29}"
EndProject
Global
	GlobalSection(SharedMSBuildProjectFiles) = preSolution
		ToDoDatePicker\ToDoDatePicker.Shared\ToDoDatePicker.Shared.projitems*{425bfc8c-fe94-49a5-aabd-22d9fe0e4cb4}*SharedItemsImports = 5
		ToDoDatePicker\ToDoDatePicker.Shared\ToDoDatePicker.Shared.projitems*{5c295d78-e243-4108-b0bb-9dd68e9991ee}*SharedItemsImports = 4
		ToDoDatePicker\ToDoDatePicker.Shared\ToDoDatePicker.Shared.projitems*{6279c845-92f8-4333-ab99-3d213163593c}*SharedItemsImports = 13
		ToDoDatePicker\ToDoDatePicker.Shared\ToDoDatePicker.Shared.projitems*{b017e655-4bea-4ac1-8207-b91667bffc29}*SharedItemsImports = 5
		ToDoDatePicker\ToDoDatePicker.Shared\ToDoDatePicker.Shared.projitems*{da1ae7ae-35ad-4bb8-948f-0b8130b4665a}*SharedItemsImports = 4
		ToDoDatePicker\ToDoDatePicker.Shared\ToDoDatePicker.Shared.projitems*{dc52796f-8d4c-4d23-b643-5477a32421bb}*SharedItemsImports = 4
		ToDoDatePicker\ToDoDatePicker.Shared\ToDoDatePicker.Shared.projitems*{ec3d4064-aa67-4d78-8cef-09d2b75d82ad}*SharedItemsImports = 5
		ToDoDatePicker\ToDoDatePicker.Shared\ToDoDatePicker.Shared.projitems*{f84681fe-6561-413b-b0cc-4f6d2f8524a6}*SharedItemsImports = 4
		ToDoDatePicker\ToDoDatePicker.Shared\ToDoDatePicker.Shared.projitems*{ffc7da04-6e1d-4499-87d7-24d9454cdfd3}*SharedItemsImports = 5
	EndGlobalSection
	GlobalSection(SolutionConfigurationPlatforms) = preSolution
		Ad-Hoc|Any CPU = Ad-Hoc|Any CPU
		Ad-Hoc|ARM = Ad-Hoc|ARM
		Ad-Hoc|ARM64 = Ad-Hoc|ARM64
		Ad-Hoc|iPhone = Ad-Hoc|iPhone
		Ad-Hoc|iPhoneSimulator = Ad-Hoc|iPhoneSimulator
		Ad-Hoc|x64 = Ad-Hoc|x64
		Ad-Hoc|x86 = Ad-Hoc|x86
		AppStore|Any CPU = AppStore|Any CPU
		AppStore|ARM = AppStore|ARM
		AppStore|ARM64 = AppStore|ARM64
		AppStore|iPhone = AppStore|iPhone
		AppStore|iPhoneSimulator = AppStore|iPhoneSimulator
		AppStore|x64 = AppStore|x64
		AppStore|x86 = AppStore|x86
		Debug|Any CPU = Debug|Any CPU
		Debug|ARM = Debug|ARM
		Debug|ARM64 = Debug|ARM64
		Debug|iPhone = Debug|iPhone
		Debug|iPhoneSimulator = Debug|iPhoneSimulator
		Debug|x64 = Debug|x64
		Debug|x86 = Debug|x86
		Release|Any CPU = Release|Any CPU
		Release|ARM = Release|ARM
		Release|ARM64 = Release|ARM64
		Release|iPhone = Release|iPhone
		Release|iPhoneSimulator = Release|iPhoneSimulator
		Release|x64 = Release|x64
		Release|x86 = Release|x86
	EndGlobalSection
	GlobalSection(ProjectConfigurationPlatforms) = postSolution
		{F84681FE-6561-413B-B0CC-4F6D2F8524A6}.Ad-Hoc|Any CPU.ActiveCfg = Debug|Any CPU
		{F84681FE-6561-413B-B0CC-4F6D2F8524A6}.Ad-Hoc|Any CPU.Build.0 = Debug|Any CPU
		{F84681FE-6561-413B-B0CC-4F6D2F8524A6}.Ad-Hoc|Any CPU.Deploy.0 = Debug|Any CPU
		{F84681FE-6561-413B-B0CC-4F6D2F8524A6}.Ad-Hoc|ARM.ActiveCfg = Debug|Any CPU
		{F84681FE-6561-413B-B0CC-4F6D2F8524A6}.Ad-Hoc|ARM.Build.0 = Debug|Any CPU
		{F84681FE-6561-413B-B0CC-4F6D2F8524A6}.Ad-Hoc|ARM.Deploy.0 = Debug|Any CPU
		{F84681FE-6561-413B-B0CC-4F6D2F8524A6}.Ad-Hoc|ARM64.ActiveCfg = Debug|Any CPU
		{F84681FE-6561-413B-B0CC-4F6D2F8524A6}.Ad-Hoc|ARM64.Build.0 = Debug|Any CPU
		{F84681FE-6561-413B-B0CC-4F6D2F8524A6}.Ad-Hoc|ARM64.Deploy.0 = Debug|Any CPU
		{F84681FE-6561-413B-B0CC-4F6D2F8524A6}.Ad-Hoc|iPhone.ActiveCfg = Debug|Any CPU
		{F84681FE-6561-413B-B0CC-4F6D2F8524A6}.Ad-Hoc|iPhone.Build.0 = Debug|Any CPU
		{F84681FE-6561-413B-B0CC-4F6D2F8524A6}.Ad-Hoc|iPhone.Deploy.0 = Debug|Any CPU
		{F84681FE-6561-413B-B0CC-4F6D2F8524A6}.Ad-Hoc|iPhoneSimulator.ActiveCfg = Debug|Any CPU
		{F84681FE-6561-413B-B0CC-4F6D2F8524A6}.Ad-Hoc|iPhoneSimulator.Build.0 = Debug|Any CPU
		{F84681FE-6561-413B-B0CC-4F6D2F8524A6}.Ad-Hoc|iPhoneSimulator.Deploy.0 = Debug|Any CPU
		{F84681FE-6561-413B-B0CC-4F6D2F8524A6}.Ad-Hoc|x64.ActiveCfg = Debug|Any CPU
		{F84681FE-6561-413B-B0CC-4F6D2F8524A6}.Ad-Hoc|x64.Build.0 = Debug|Any CPU
		{F84681FE-6561-413B-B0CC-4F6D2F8524A6}.Ad-Hoc|x64.Deploy.0 = Debug|Any CPU
		{F84681FE-6561-413B-B0CC-4F6D2F8524A6}.Ad-Hoc|x86.ActiveCfg = Debug|Any CPU
		{F84681FE-6561-413B-B0CC-4F6D2F8524A6}.Ad-Hoc|x86.Build.0 = Debug|Any CPU
		{F84681FE-6561-413B-B0CC-4F6D2F8524A6}.Ad-Hoc|x86.Deploy.0 = Debug|Any CPU
		{F84681FE-6561-413B-B0CC-4F6D2F8524A6}.AppStore|Any CPU.ActiveCfg = Debug|Any CPU
		{F84681FE-6561-413B-B0CC-4F6D2F8524A6}.AppStore|Any CPU.Build.0 = Debug|Any CPU
		{F84681FE-6561-413B-B0CC-4F6D2F8524A6}.AppStore|Any CPU.Deploy.0 = Debug|Any CPU
		{F84681FE-6561-413B-B0CC-4F6D2F8524A6}.AppStore|ARM.ActiveCfg = Debug|Any CPU
		{F84681FE-6561-413B-B0CC-4F6D2F8524A6}.AppStore|ARM.Build.0 = Debug|Any CPU
		{F84681FE-6561-413B-B0CC-4F6D2F8524A6}.AppStore|ARM.Deploy.0 = Debug|Any CPU
		{F84681FE-6561-413B-B0CC-4F6D2F8524A6}.AppStore|ARM64.ActiveCfg = Debug|Any CPU
		{F84681FE-6561-413B-B0CC-4F6D2F8524A6}.AppStore|ARM64.Build.0 = Debug|Any CPU
		{F84681FE-6561-413B-B0CC-4F6D2F8524A6}.AppStore|ARM64.Deploy.0 = Debug|Any CPU
		{F84681FE-6561-413B-B0CC-4F6D2F8524A6}.AppStore|iPhone.ActiveCfg = Debug|Any CPU
		{F84681FE-6561-413B-B0CC-4F6D2F8524A6}.AppStore|iPhone.Build.0 = Debug|Any CPU
		{F84681FE-6561-413B-B0CC-4F6D2F8524A6}.AppStore|iPhone.Deploy.0 = Debug|Any CPU
		{F84681FE-6561-413B-B0CC-4F6D2F8524A6}.AppStore|iPhoneSimulator.ActiveCfg = Debug|Any CPU
		{F84681FE-6561-413B-B0CC-4F6D2F8524A6}.AppStore|iPhoneSimulator.Build.0 = Debug|Any CPU
		{F84681FE-6561-413B-B0CC-4F6D2F8524A6}.AppStore|iPhoneSimulator.Deploy.0 = Debug|Any CPU
		{F84681FE-6561-413B-B0CC-4F6D2F8524A6}.AppStore|x64.ActiveCfg = Debug|Any CPU
		{F84681FE-6561-413B-B0CC-4F6D2F8524A6}.AppStore|x64.Build.0 = Debug|Any CPU
		{F84681FE-6561-413B-B0CC-4F6D2F8524A6}.AppStore|x64.Deploy.0 = Debug|Any CPU
		{F84681FE-6561-413B-B0CC-4F6D2F8524A6}.AppStore|x86.ActiveCfg = Debug|Any CPU
		{F84681FE-6561-413B-B0CC-4F6D2F8524A6}.AppStore|x86.Build.0 = Debug|Any CPU
		{F84681FE-6561-413B-B0CC-4F6D2F8524A6}.AppStore|x86.Deploy.0 = Debug|Any CPU
		{F84681FE-6561-413B-B0CC-4F6D2F8524A6}.Debug|Any CPU.ActiveCfg = Debug|Any CPU
		{F84681FE-6561-413B-B0CC-4F6D2F8524A6}.Debug|Any CPU.Build.0 = Debug|Any CPU
		{F84681FE-6561-413B-B0CC-4F6D2F8524A6}.Debug|Any CPU.Deploy.0 = Debug|Any CPU
		{F84681FE-6561-413B-B0CC-4F6D2F8524A6}.Debug|ARM.ActiveCfg = Debug|Any CPU
		{F84681FE-6561-413B-B0CC-4F6D2F8524A6}.Debug|ARM.Build.0 = Debug|Any CPU
		{F84681FE-6561-413B-B0CC-4F6D2F8524A6}.Debug|ARM.Deploy.0 = Debug|Any CPU
		{F84681FE-6561-413B-B0CC-4F6D2F8524A6}.Debug|ARM64.ActiveCfg = Debug|Any CPU
		{F84681FE-6561-413B-B0CC-4F6D2F8524A6}.Debug|ARM64.Build.0 = Debug|Any CPU
		{F84681FE-6561-413B-B0CC-4F6D2F8524A6}.Debug|ARM64.Deploy.0 = Debug|Any CPU
		{F84681FE-6561-413B-B0CC-4F6D2F8524A6}.Debug|iPhone.ActiveCfg = Debug|Any CPU
		{F84681FE-6561-413B-B0CC-4F6D2F8524A6}.Debug|iPhone.Build.0 = Debug|Any CPU
		{F84681FE-6561-413B-B0CC-4F6D2F8524A6}.Debug|iPhone.Deploy.0 = Debug|Any CPU
		{F84681FE-6561-413B-B0CC-4F6D2F8524A6}.Debug|iPhoneSimulator.ActiveCfg = Debug|Any CPU
		{F84681FE-6561-413B-B0CC-4F6D2F8524A6}.Debug|iPhoneSimulator.Build.0 = Debug|Any CPU
		{F84681FE-6561-413B-B0CC-4F6D2F8524A6}.Debug|iPhoneSimulator.Deploy.0 = Debug|Any CPU
		{F84681FE-6561-413B-B0CC-4F6D2F8524A6}.Debug|x64.ActiveCfg = Debug|Any CPU
		{F84681FE-6561-413B-B0CC-4F6D2F8524A6}.Debug|x64.Build.0 = Debug|Any CPU
		{F84681FE-6561-413B-B0CC-4F6D2F8524A6}.Debug|x64.Deploy.0 = Debug|Any CPU
		{F84681FE-6561-413B-B0CC-4F6D2F8524A6}.Debug|x86.ActiveCfg = Debug|Any CPU
		{F84681FE-6561-413B-B0CC-4F6D2F8524A6}.Debug|x86.Build.0 = Debug|Any CPU
		{F84681FE-6561-413B-B0CC-4F6D2F8524A6}.Debug|x86.Deploy.0 = Debug|Any CPU
		{F84681FE-6561-413B-B0CC-4F6D2F8524A6}.Release|Any CPU.ActiveCfg = Release|Any CPU
		{F84681FE-6561-413B-B0CC-4F6D2F8524A6}.Release|Any CPU.Build.0 = Release|Any CPU
		{F84681FE-6561-413B-B0CC-4F6D2F8524A6}.Release|Any CPU.Deploy.0 = Release|Any CPU
		{F84681FE-6561-413B-B0CC-4F6D2F8524A6}.Release|ARM.ActiveCfg = Release|Any CPU
		{F84681FE-6561-413B-B0CC-4F6D2F8524A6}.Release|ARM.Build.0 = Release|Any CPU
		{F84681FE-6561-413B-B0CC-4F6D2F8524A6}.Release|ARM.Deploy.0 = Release|Any CPU
		{F84681FE-6561-413B-B0CC-4F6D2F8524A6}.Release|ARM64.ActiveCfg = Release|Any CPU
		{F84681FE-6561-413B-B0CC-4F6D2F8524A6}.Release|ARM64.Build.0 = Release|Any CPU
		{F84681FE-6561-413B-B0CC-4F6D2F8524A6}.Release|ARM64.Deploy.0 = Release|Any CPU
		{F84681FE-6561-413B-B0CC-4F6D2F8524A6}.Release|iPhone.ActiveCfg = Release|Any CPU
		{F84681FE-6561-413B-B0CC-4F6D2F8524A6}.Release|iPhone.Build.0 = Release|Any CPU
		{F84681FE-6561-413B-B0CC-4F6D2F8524A6}.Release|iPhone.Deploy.0 = Release|Any CPU
		{F84681FE-6561-413B-B0CC-4F6D2F8524A6}.Release|iPhoneSimulator.ActiveCfg = Release|Any CPU
		{F84681FE-6561-413B-B0CC-4F6D2F8524A6}.Release|iPhoneSimulator.Build.0 = Release|Any CPU
		{F84681FE-6561-413B-B0CC-4F6D2F8524A6}.Release|iPhoneSimulator.Deploy.0 = Release|Any CPU
		{F84681FE-6561-413B-B0CC-4F6D2F8524A6}.Release|x64.ActiveCfg = Release|Any CPU
		{F84681FE-6561-413B-B0CC-4F6D2F8524A6}.Release|x64.Build.0 = Release|Any CPU
		{F84681FE-6561-413B-B0CC-4F6D2F8524A6}.Release|x64.Deploy.0 = Release|Any CPU
		{F84681FE-6561-413B-B0CC-4F6D2F8524A6}.Release|x86.ActiveCfg = Release|Any CPU
		{F84681FE-6561-413B-B0CC-4F6D2F8524A6}.Release|x86.Build.0 = Release|Any CPU
		{F84681FE-6561-413B-B0CC-4F6D2F8524A6}.Release|x86.Deploy.0 = Release|Any CPU
		{DA1AE7AE-35AD-4BB8-948F-0B8130B4665A}.Ad-Hoc|Any CPU.ActiveCfg = Ad-Hoc|iPhoneSimulator
		{DA1AE7AE-35AD-4BB8-948F-0B8130B4665A}.Ad-Hoc|Any CPU.Build.0 = Ad-Hoc|iPhoneSimulator
		{DA1AE7AE-35AD-4BB8-948F-0B8130B4665A}.Ad-Hoc|ARM.ActiveCfg = Ad-Hoc|iPhoneSimulator
		{DA1AE7AE-35AD-4BB8-948F-0B8130B4665A}.Ad-Hoc|ARM.Build.0 = Ad-Hoc|iPhoneSimulator
		{DA1AE7AE-35AD-4BB8-948F-0B8130B4665A}.Ad-Hoc|ARM64.ActiveCfg = Ad-Hoc|iPhoneSimulator
		{DA1AE7AE-35AD-4BB8-948F-0B8130B4665A}.Ad-Hoc|ARM64.Build.0 = Ad-Hoc|iPhoneSimulator
		{DA1AE7AE-35AD-4BB8-948F-0B8130B4665A}.Ad-Hoc|iPhone.ActiveCfg = Ad-Hoc|iPhone
		{DA1AE7AE-35AD-4BB8-948F-0B8130B4665A}.Ad-Hoc|iPhone.Build.0 = Ad-Hoc|iPhone
		{DA1AE7AE-35AD-4BB8-948F-0B8130B4665A}.Ad-Hoc|iPhoneSimulator.ActiveCfg = Ad-Hoc|iPhoneSimulator
		{DA1AE7AE-35AD-4BB8-948F-0B8130B4665A}.Ad-Hoc|iPhoneSimulator.Build.0 = Ad-Hoc|iPhoneSimulator
		{DA1AE7AE-35AD-4BB8-948F-0B8130B4665A}.Ad-Hoc|x64.ActiveCfg = Ad-Hoc|iPhoneSimulator
		{DA1AE7AE-35AD-4BB8-948F-0B8130B4665A}.Ad-Hoc|x64.Build.0 = Ad-Hoc|iPhoneSimulator
		{DA1AE7AE-35AD-4BB8-948F-0B8130B4665A}.Ad-Hoc|x86.ActiveCfg = Ad-Hoc|iPhoneSimulator
		{DA1AE7AE-35AD-4BB8-948F-0B8130B4665A}.Ad-Hoc|x86.Build.0 = Ad-Hoc|iPhoneSimulator
		{DA1AE7AE-35AD-4BB8-948F-0B8130B4665A}.AppStore|Any CPU.ActiveCfg = AppStore|iPhoneSimulator
		{DA1AE7AE-35AD-4BB8-948F-0B8130B4665A}.AppStore|Any CPU.Build.0 = AppStore|iPhoneSimulator
		{DA1AE7AE-35AD-4BB8-948F-0B8130B4665A}.AppStore|ARM.ActiveCfg = AppStore|iPhoneSimulator
		{DA1AE7AE-35AD-4BB8-948F-0B8130B4665A}.AppStore|ARM.Build.0 = AppStore|iPhoneSimulator
		{DA1AE7AE-35AD-4BB8-948F-0B8130B4665A}.AppStore|ARM64.ActiveCfg = AppStore|iPhoneSimulator
		{DA1AE7AE-35AD-4BB8-948F-0B8130B4665A}.AppStore|ARM64.Build.0 = AppStore|iPhoneSimulator
		{DA1AE7AE-35AD-4BB8-948F-0B8130B4665A}.AppStore|iPhone.ActiveCfg = AppStore|iPhone
		{DA1AE7AE-35AD-4BB8-948F-0B8130B4665A}.AppStore|iPhone.Build.0 = AppStore|iPhone
		{DA1AE7AE-35AD-4BB8-948F-0B8130B4665A}.AppStore|iPhoneSimulator.ActiveCfg = AppStore|iPhoneSimulator
		{DA1AE7AE-35AD-4BB8-948F-0B8130B4665A}.AppStore|iPhoneSimulator.Build.0 = AppStore|iPhoneSimulator
		{DA1AE7AE-35AD-4BB8-948F-0B8130B4665A}.AppStore|x64.ActiveCfg = AppStore|iPhoneSimulator
		{DA1AE7AE-35AD-4BB8-948F-0B8130B4665A}.AppStore|x64.Build.0 = AppStore|iPhoneSimulator
		{DA1AE7AE-35AD-4BB8-948F-0B8130B4665A}.AppStore|x86.ActiveCfg = AppStore|iPhoneSimulator
		{DA1AE7AE-35AD-4BB8-948F-0B8130B4665A}.AppStore|x86.Build.0 = AppStore|iPhoneSimulator
		{DA1AE7AE-35AD-4BB8-948F-0B8130B4665A}.Debug|Any CPU.ActiveCfg = Debug|iPhoneSimulator
		{DA1AE7AE-35AD-4BB8-948F-0B8130B4665A}.Debug|Any CPU.Build.0 = Debug|iPhoneSimulator
		{DA1AE7AE-35AD-4BB8-948F-0B8130B4665A}.Debug|ARM.ActiveCfg = Debug|iPhoneSimulator
		{DA1AE7AE-35AD-4BB8-948F-0B8130B4665A}.Debug|ARM.Build.0 = Debug|iPhoneSimulator
		{DA1AE7AE-35AD-4BB8-948F-0B8130B4665A}.Debug|ARM64.ActiveCfg = Debug|iPhoneSimulator
		{DA1AE7AE-35AD-4BB8-948F-0B8130B4665A}.Debug|ARM64.Build.0 = Debug|iPhoneSimulator
		{DA1AE7AE-35AD-4BB8-948F-0B8130B4665A}.Debug|iPhone.ActiveCfg = Debug|iPhone
		{DA1AE7AE-35AD-4BB8-948F-0B8130B4665A}.Debug|iPhone.Build.0 = Debug|iPhone
		{DA1AE7AE-35AD-4BB8-948F-0B8130B4665A}.Debug|iPhoneSimulator.ActiveCfg = Debug|iPhoneSimulator
		{DA1AE7AE-35AD-4BB8-948F-0B8130B4665A}.Debug|iPhoneSimulator.Build.0 = Debug|iPhoneSimulator
		{DA1AE7AE-35AD-4BB8-948F-0B8130B4665A}.Debug|x64.ActiveCfg = Debug|iPhoneSimulator
		{DA1AE7AE-35AD-4BB8-948F-0B8130B4665A}.Debug|x64.Build.0 = Debug|iPhoneSimulator
		{DA1AE7AE-35AD-4BB8-948F-0B8130B4665A}.Debug|x86.ActiveCfg = Debug|iPhoneSimulator
		{DA1AE7AE-35AD-4BB8-948F-0B8130B4665A}.Debug|x86.Build.0 = Debug|iPhoneSimulator
		{DA1AE7AE-35AD-4BB8-948F-0B8130B4665A}.Release|Any CPU.ActiveCfg = Release|iPhoneSimulator
		{DA1AE7AE-35AD-4BB8-948F-0B8130B4665A}.Release|Any CPU.Build.0 = Release|iPhoneSimulator
		{DA1AE7AE-35AD-4BB8-948F-0B8130B4665A}.Release|ARM.ActiveCfg = Release|iPhoneSimulator
		{DA1AE7AE-35AD-4BB8-948F-0B8130B4665A}.Release|ARM.Build.0 = Release|iPhoneSimulator
		{DA1AE7AE-35AD-4BB8-948F-0B8130B4665A}.Release|ARM64.ActiveCfg = Release|iPhoneSimulator
		{DA1AE7AE-35AD-4BB8-948F-0B8130B4665A}.Release|ARM64.Build.0 = Release|iPhoneSimulator
		{DA1AE7AE-35AD-4BB8-948F-0B8130B4665A}.Release|iPhone.ActiveCfg = Release|iPhone
		{DA1AE7AE-35AD-4BB8-948F-0B8130B4665A}.Release|iPhone.Build.0 = Release|iPhone
		{DA1AE7AE-35AD-4BB8-948F-0B8130B4665A}.Release|iPhoneSimulator.ActiveCfg = Release|iPhoneSimulator
		{DA1AE7AE-35AD-4BB8-948F-0B8130B4665A}.Release|iPhoneSimulator.Build.0 = Release|iPhoneSimulator
		{DA1AE7AE-35AD-4BB8-948F-0B8130B4665A}.Release|x64.ActiveCfg = Release|iPhoneSimulator
		{DA1AE7AE-35AD-4BB8-948F-0B8130B4665A}.Release|x64.Build.0 = Release|iPhoneSimulator
		{DA1AE7AE-35AD-4BB8-948F-0B8130B4665A}.Release|x86.ActiveCfg = Release|iPhoneSimulator
		{DA1AE7AE-35AD-4BB8-948F-0B8130B4665A}.Release|x86.Build.0 = Release|iPhoneSimulator
		{DC52796F-8D4C-4D23-B643-5477A32421BB}.Ad-Hoc|Any CPU.ActiveCfg = Debug|x86
		{DC52796F-8D4C-4D23-B643-5477A32421BB}.Ad-Hoc|Any CPU.Build.0 = Debug|x86
		{DC52796F-8D4C-4D23-B643-5477A32421BB}.Ad-Hoc|Any CPU.Deploy.0 = Debug|x86
		{DC52796F-8D4C-4D23-B643-5477A32421BB}.Ad-Hoc|ARM.ActiveCfg = Debug|ARM
		{DC52796F-8D4C-4D23-B643-5477A32421BB}.Ad-Hoc|ARM.Build.0 = Debug|ARM
		{DC52796F-8D4C-4D23-B643-5477A32421BB}.Ad-Hoc|ARM.Deploy.0 = Debug|ARM
		{DC52796F-8D4C-4D23-B643-5477A32421BB}.Ad-Hoc|ARM64.ActiveCfg = Debug|ARM64
		{DC52796F-8D4C-4D23-B643-5477A32421BB}.Ad-Hoc|ARM64.Build.0 = Debug|ARM64
		{DC52796F-8D4C-4D23-B643-5477A32421BB}.Ad-Hoc|ARM64.Deploy.0 = Debug|ARM64
		{DC52796F-8D4C-4D23-B643-5477A32421BB}.Ad-Hoc|iPhone.ActiveCfg = Debug|x86
		{DC52796F-8D4C-4D23-B643-5477A32421BB}.Ad-Hoc|iPhone.Build.0 = Debug|x86
		{DC52796F-8D4C-4D23-B643-5477A32421BB}.Ad-Hoc|iPhone.Deploy.0 = Debug|x86
		{DC52796F-8D4C-4D23-B643-5477A32421BB}.Ad-Hoc|iPhoneSimulator.ActiveCfg = Debug|x86
		{DC52796F-8D4C-4D23-B643-5477A32421BB}.Ad-Hoc|iPhoneSimulator.Build.0 = Debug|x86
		{DC52796F-8D4C-4D23-B643-5477A32421BB}.Ad-Hoc|iPhoneSimulator.Deploy.0 = Debug|x86
		{DC52796F-8D4C-4D23-B643-5477A32421BB}.Ad-Hoc|x64.ActiveCfg = Debug|x64
		{DC52796F-8D4C-4D23-B643-5477A32421BB}.Ad-Hoc|x64.Build.0 = Debug|x64
		{DC52796F-8D4C-4D23-B643-5477A32421BB}.Ad-Hoc|x64.Deploy.0 = Debug|x64
		{DC52796F-8D4C-4D23-B643-5477A32421BB}.Ad-Hoc|x86.ActiveCfg = Debug|x86
		{DC52796F-8D4C-4D23-B643-5477A32421BB}.Ad-Hoc|x86.Build.0 = Debug|x86
		{DC52796F-8D4C-4D23-B643-5477A32421BB}.Ad-Hoc|x86.Deploy.0 = Debug|x86
		{DC52796F-8D4C-4D23-B643-5477A32421BB}.AppStore|Any CPU.ActiveCfg = Debug|x86
		{DC52796F-8D4C-4D23-B643-5477A32421BB}.AppStore|Any CPU.Build.0 = Debug|x86
		{DC52796F-8D4C-4D23-B643-5477A32421BB}.AppStore|Any CPU.Deploy.0 = Debug|x86
		{DC52796F-8D4C-4D23-B643-5477A32421BB}.AppStore|ARM.ActiveCfg = Debug|ARM
		{DC52796F-8D4C-4D23-B643-5477A32421BB}.AppStore|ARM.Build.0 = Debug|ARM
		{DC52796F-8D4C-4D23-B643-5477A32421BB}.AppStore|ARM.Deploy.0 = Debug|ARM
		{DC52796F-8D4C-4D23-B643-5477A32421BB}.AppStore|ARM64.ActiveCfg = Debug|ARM64
		{DC52796F-8D4C-4D23-B643-5477A32421BB}.AppStore|ARM64.Build.0 = Debug|ARM64
		{DC52796F-8D4C-4D23-B643-5477A32421BB}.AppStore|ARM64.Deploy.0 = Debug|ARM64
		{DC52796F-8D4C-4D23-B643-5477A32421BB}.AppStore|iPhone.ActiveCfg = Debug|x86
		{DC52796F-8D4C-4D23-B643-5477A32421BB}.AppStore|iPhone.Build.0 = Debug|x86
		{DC52796F-8D4C-4D23-B643-5477A32421BB}.AppStore|iPhone.Deploy.0 = Debug|x86
		{DC52796F-8D4C-4D23-B643-5477A32421BB}.AppStore|iPhoneSimulator.ActiveCfg = Debug|x86
		{DC52796F-8D4C-4D23-B643-5477A32421BB}.AppStore|iPhoneSimulator.Build.0 = Debug|x86
		{DC52796F-8D4C-4D23-B643-5477A32421BB}.AppStore|iPhoneSimulator.Deploy.0 = Debug|x86
		{DC52796F-8D4C-4D23-B643-5477A32421BB}.AppStore|x64.ActiveCfg = Debug|x64
		{DC52796F-8D4C-4D23-B643-5477A32421BB}.AppStore|x64.Build.0 = Debug|x64
		{DC52796F-8D4C-4D23-B643-5477A32421BB}.AppStore|x64.Deploy.0 = Debug|x64
		{DC52796F-8D4C-4D23-B643-5477A32421BB}.AppStore|x86.ActiveCfg = Debug|x86
		{DC52796F-8D4C-4D23-B643-5477A32421BB}.AppStore|x86.Build.0 = Debug|x86
		{DC52796F-8D4C-4D23-B643-5477A32421BB}.AppStore|x86.Deploy.0 = Debug|x86
		{DC52796F-8D4C-4D23-B643-5477A32421BB}.Debug|Any CPU.ActiveCfg = Debug|x64
		{DC52796F-8D4C-4D23-B643-5477A32421BB}.Debug|Any CPU.Build.0 = Debug|x64
		{DC52796F-8D4C-4D23-B643-5477A32421BB}.Debug|Any CPU.Deploy.0 = Debug|x64
		{DC52796F-8D4C-4D23-B643-5477A32421BB}.Debug|ARM.ActiveCfg = Debug|ARM
		{DC52796F-8D4C-4D23-B643-5477A32421BB}.Debug|ARM.Build.0 = Debug|ARM
		{DC52796F-8D4C-4D23-B643-5477A32421BB}.Debug|ARM.Deploy.0 = Debug|ARM
		{DC52796F-8D4C-4D23-B643-5477A32421BB}.Debug|ARM64.ActiveCfg = Debug|ARM64
		{DC52796F-8D4C-4D23-B643-5477A32421BB}.Debug|ARM64.Build.0 = Debug|ARM64
		{DC52796F-8D4C-4D23-B643-5477A32421BB}.Debug|ARM64.Deploy.0 = Debug|ARM64
		{DC52796F-8D4C-4D23-B643-5477A32421BB}.Debug|iPhone.ActiveCfg = Debug|x64
		{DC52796F-8D4C-4D23-B643-5477A32421BB}.Debug|iPhone.Build.0 = Debug|x64
		{DC52796F-8D4C-4D23-B643-5477A32421BB}.Debug|iPhone.Deploy.0 = Debug|x64
		{DC52796F-8D4C-4D23-B643-5477A32421BB}.Debug|iPhoneSimulator.ActiveCfg = Debug|x64
		{DC52796F-8D4C-4D23-B643-5477A32421BB}.Debug|iPhoneSimulator.Build.0 = Debug|x64
		{DC52796F-8D4C-4D23-B643-5477A32421BB}.Debug|iPhoneSimulator.Deploy.0 = Debug|x64
		{DC52796F-8D4C-4D23-B643-5477A32421BB}.Debug|x64.ActiveCfg = Debug|x64
		{DC52796F-8D4C-4D23-B643-5477A32421BB}.Debug|x64.Build.0 = Debug|x64
		{DC52796F-8D4C-4D23-B643-5477A32421BB}.Debug|x64.Deploy.0 = Debug|x64
		{DC52796F-8D4C-4D23-B643-5477A32421BB}.Debug|x86.ActiveCfg = Debug|x86
		{DC52796F-8D4C-4D23-B643-5477A32421BB}.Debug|x86.Build.0 = Debug|x86
		{DC52796F-8D4C-4D23-B643-5477A32421BB}.Debug|x86.Deploy.0 = Debug|x86
		{DC52796F-8D4C-4D23-B643-5477A32421BB}.Release|Any CPU.ActiveCfg = Release|x64
		{DC52796F-8D4C-4D23-B643-5477A32421BB}.Release|Any CPU.Build.0 = Release|x64
		{DC52796F-8D4C-4D23-B643-5477A32421BB}.Release|Any CPU.Deploy.0 = Release|x64
		{DC52796F-8D4C-4D23-B643-5477A32421BB}.Release|ARM.ActiveCfg = Release|ARM
		{DC52796F-8D4C-4D23-B643-5477A32421BB}.Release|ARM.Build.0 = Release|ARM
		{DC52796F-8D4C-4D23-B643-5477A32421BB}.Release|ARM.Deploy.0 = Release|ARM
		{DC52796F-8D4C-4D23-B643-5477A32421BB}.Release|ARM64.ActiveCfg = Release|ARM64
		{DC52796F-8D4C-4D23-B643-5477A32421BB}.Release|ARM64.Build.0 = Release|ARM64
		{DC52796F-8D4C-4D23-B643-5477A32421BB}.Release|ARM64.Deploy.0 = Release|ARM64
		{DC52796F-8D4C-4D23-B643-5477A32421BB}.Release|iPhone.ActiveCfg = Release|x64
		{DC52796F-8D4C-4D23-B643-5477A32421BB}.Release|iPhone.Build.0 = Release|x64
		{DC52796F-8D4C-4D23-B643-5477A32421BB}.Release|iPhone.Deploy.0 = Release|x64
		{DC52796F-8D4C-4D23-B643-5477A32421BB}.Release|iPhoneSimulator.ActiveCfg = Release|x64
		{DC52796F-8D4C-4D23-B643-5477A32421BB}.Release|iPhoneSimulator.Build.0 = Release|x64
		{DC52796F-8D4C-4D23-B643-5477A32421BB}.Release|iPhoneSimulator.Deploy.0 = Release|x64
		{DC52796F-8D4C-4D23-B643-5477A32421BB}.Release|x64.ActiveCfg = Release|x64
		{DC52796F-8D4C-4D23-B643-5477A32421BB}.Release|x64.Build.0 = Release|x64
		{DC52796F-8D4C-4D23-B643-5477A32421BB}.Release|x64.Deploy.0 = Release|x64
		{DC52796F-8D4C-4D23-B643-5477A32421BB}.Release|x86.ActiveCfg = Release|x86
		{DC52796F-8D4C-4D23-B643-5477A32421BB}.Release|x86.Build.0 = Release|x86
		{DC52796F-8D4C-4D23-B643-5477A32421BB}.Release|x86.Deploy.0 = Release|x86
		{EC3D4064-AA67-4D78-8CEF-09D2B75D82AD}.Ad-Hoc|Any CPU.ActiveCfg = Debug|Any CPU
		{EC3D4064-AA67-4D78-8CEF-09D2B75D82AD}.Ad-Hoc|Any CPU.Build.0 = Debug|Any CPU
		{EC3D4064-AA67-4D78-8CEF-09D2B75D82AD}.Ad-Hoc|ARM.ActiveCfg = Debug|Any CPU
		{EC3D4064-AA67-4D78-8CEF-09D2B75D82AD}.Ad-Hoc|ARM.Build.0 = Debug|Any CPU
		{EC3D4064-AA67-4D78-8CEF-09D2B75D82AD}.Ad-Hoc|ARM64.ActiveCfg = Debug|Any CPU
		{EC3D4064-AA67-4D78-8CEF-09D2B75D82AD}.Ad-Hoc|ARM64.Build.0 = Debug|Any CPU
		{EC3D4064-AA67-4D78-8CEF-09D2B75D82AD}.Ad-Hoc|iPhone.ActiveCfg = Debug|Any CPU
		{EC3D4064-AA67-4D78-8CEF-09D2B75D82AD}.Ad-Hoc|iPhone.Build.0 = Debug|Any CPU
		{EC3D4064-AA67-4D78-8CEF-09D2B75D82AD}.Ad-Hoc|iPhoneSimulator.ActiveCfg = Debug|Any CPU
		{EC3D4064-AA67-4D78-8CEF-09D2B75D82AD}.Ad-Hoc|iPhoneSimulator.Build.0 = Debug|Any CPU
		{EC3D4064-AA67-4D78-8CEF-09D2B75D82AD}.Ad-Hoc|x64.ActiveCfg = Debug|Any CPU
		{EC3D4064-AA67-4D78-8CEF-09D2B75D82AD}.Ad-Hoc|x64.Build.0 = Debug|Any CPU
		{EC3D4064-AA67-4D78-8CEF-09D2B75D82AD}.Ad-Hoc|x86.ActiveCfg = Debug|Any CPU
		{EC3D4064-AA67-4D78-8CEF-09D2B75D82AD}.Ad-Hoc|x86.Build.0 = Debug|Any CPU
		{EC3D4064-AA67-4D78-8CEF-09D2B75D82AD}.AppStore|Any CPU.ActiveCfg = Debug|Any CPU
		{EC3D4064-AA67-4D78-8CEF-09D2B75D82AD}.AppStore|Any CPU.Build.0 = Debug|Any CPU
		{EC3D4064-AA67-4D78-8CEF-09D2B75D82AD}.AppStore|ARM.ActiveCfg = Debug|Any CPU
		{EC3D4064-AA67-4D78-8CEF-09D2B75D82AD}.AppStore|ARM.Build.0 = Debug|Any CPU
		{EC3D4064-AA67-4D78-8CEF-09D2B75D82AD}.AppStore|ARM64.ActiveCfg = Debug|Any CPU
		{EC3D4064-AA67-4D78-8CEF-09D2B75D82AD}.AppStore|ARM64.Build.0 = Debug|Any CPU
		{EC3D4064-AA67-4D78-8CEF-09D2B75D82AD}.AppStore|iPhone.ActiveCfg = Debug|Any CPU
		{EC3D4064-AA67-4D78-8CEF-09D2B75D82AD}.AppStore|iPhone.Build.0 = Debug|Any CPU
		{EC3D4064-AA67-4D78-8CEF-09D2B75D82AD}.AppStore|iPhoneSimulator.ActiveCfg = Debug|Any CPU
		{EC3D4064-AA67-4D78-8CEF-09D2B75D82AD}.AppStore|iPhoneSimulator.Build.0 = Debug|Any CPU
		{EC3D4064-AA67-4D78-8CEF-09D2B75D82AD}.AppStore|x64.ActiveCfg = Debug|Any CPU
		{EC3D4064-AA67-4D78-8CEF-09D2B75D82AD}.AppStore|x64.Build.0 = Debug|Any CPU
		{EC3D4064-AA67-4D78-8CEF-09D2B75D82AD}.AppStore|x86.ActiveCfg = Debug|Any CPU
		{EC3D4064-AA67-4D78-8CEF-09D2B75D82AD}.AppStore|x86.Build.0 = Debug|Any CPU
		{EC3D4064-AA67-4D78-8CEF-09D2B75D82AD}.Debug|Any CPU.ActiveCfg = Debug|Any CPU
		{EC3D4064-AA67-4D78-8CEF-09D2B75D82AD}.Debug|Any CPU.Build.0 = Debug|Any CPU
		{EC3D4064-AA67-4D78-8CEF-09D2B75D82AD}.Debug|ARM.ActiveCfg = Debug|Any CPU
		{EC3D4064-AA67-4D78-8CEF-09D2B75D82AD}.Debug|ARM.Build.0 = Debug|Any CPU
		{EC3D4064-AA67-4D78-8CEF-09D2B75D82AD}.Debug|ARM64.ActiveCfg = Debug|Any CPU
		{EC3D4064-AA67-4D78-8CEF-09D2B75D82AD}.Debug|ARM64.Build.0 = Debug|Any CPU
		{EC3D4064-AA67-4D78-8CEF-09D2B75D82AD}.Debug|iPhone.ActiveCfg = Debug|Any CPU
		{EC3D4064-AA67-4D78-8CEF-09D2B75D82AD}.Debug|iPhone.Build.0 = Debug|Any CPU
		{EC3D4064-AA67-4D78-8CEF-09D2B75D82AD}.Debug|iPhoneSimulator.ActiveCfg = Debug|Any CPU
		{EC3D4064-AA67-4D78-8CEF-09D2B75D82AD}.Debug|iPhoneSimulator.Build.0 = Debug|Any CPU
		{EC3D4064-AA67-4D78-8CEF-09D2B75D82AD}.Debug|x64.ActiveCfg = Debug|Any CPU
		{EC3D4064-AA67-4D78-8CEF-09D2B75D82AD}.Debug|x64.Build.0 = Debug|Any CPU
		{EC3D4064-AA67-4D78-8CEF-09D2B75D82AD}.Debug|x86.ActiveCfg = Debug|Any CPU
		{EC3D4064-AA67-4D78-8CEF-09D2B75D82AD}.Debug|x86.Build.0 = Debug|Any CPU
		{EC3D4064-AA67-4D78-8CEF-09D2B75D82AD}.Release|Any CPU.ActiveCfg = Release|Any CPU
		{EC3D4064-AA67-4D78-8CEF-09D2B75D82AD}.Release|Any CPU.Build.0 = Release|Any CPU
		{EC3D4064-AA67-4D78-8CEF-09D2B75D82AD}.Release|ARM.ActiveCfg = Release|Any CPU
		{EC3D4064-AA67-4D78-8CEF-09D2B75D82AD}.Release|ARM.Build.0 = Release|Any CPU
		{EC3D4064-AA67-4D78-8CEF-09D2B75D82AD}.Release|ARM64.ActiveCfg = Release|Any CPU
		{EC3D4064-AA67-4D78-8CEF-09D2B75D82AD}.Release|ARM64.Build.0 = Release|Any CPU
		{EC3D4064-AA67-4D78-8CEF-09D2B75D82AD}.Release|iPhone.ActiveCfg = Release|Any CPU
		{EC3D4064-AA67-4D78-8CEF-09D2B75D82AD}.Release|iPhone.Build.0 = Release|Any CPU
		{EC3D4064-AA67-4D78-8CEF-09D2B75D82AD}.Release|iPhoneSimulator.ActiveCfg = Release|Any CPU
		{EC3D4064-AA67-4D78-8CEF-09D2B75D82AD}.Release|iPhoneSimulator.Build.0 = Release|Any CPU
		{EC3D4064-AA67-4D78-8CEF-09D2B75D82AD}.Release|x64.ActiveCfg = Release|Any CPU
		{EC3D4064-AA67-4D78-8CEF-09D2B75D82AD}.Release|x64.Build.0 = Release|Any CPU
		{EC3D4064-AA67-4D78-8CEF-09D2B75D82AD}.Release|x86.ActiveCfg = Release|Any CPU
		{EC3D4064-AA67-4D78-8CEF-09D2B75D82AD}.Release|x86.Build.0 = Release|Any CPU
		{5C295D78-E243-4108-B0BB-9DD68E9991EE}.Ad-Hoc|Any CPU.ActiveCfg = Debug|iPhoneSimulator
		{5C295D78-E243-4108-B0BB-9DD68E9991EE}.Ad-Hoc|Any CPU.Build.0 = Debug|iPhoneSimulator
		{5C295D78-E243-4108-B0BB-9DD68E9991EE}.Ad-Hoc|ARM.ActiveCfg = Debug|iPhoneSimulator
		{5C295D78-E243-4108-B0BB-9DD68E9991EE}.Ad-Hoc|ARM.Build.0 = Debug|iPhoneSimulator
		{5C295D78-E243-4108-B0BB-9DD68E9991EE}.Ad-Hoc|ARM64.ActiveCfg = Debug|iPhoneSimulator
		{5C295D78-E243-4108-B0BB-9DD68E9991EE}.Ad-Hoc|ARM64.Build.0 = Debug|iPhoneSimulator
		{5C295D78-E243-4108-B0BB-9DD68E9991EE}.Ad-Hoc|iPhone.ActiveCfg = Debug|iPhoneSimulator
		{5C295D78-E243-4108-B0BB-9DD68E9991EE}.Ad-Hoc|iPhone.Build.0 = Debug|iPhoneSimulator
		{5C295D78-E243-4108-B0BB-9DD68E9991EE}.Ad-Hoc|iPhoneSimulator.ActiveCfg = Debug|iPhoneSimulator
		{5C295D78-E243-4108-B0BB-9DD68E9991EE}.Ad-Hoc|iPhoneSimulator.Build.0 = Debug|iPhoneSimulator
		{5C295D78-E243-4108-B0BB-9DD68E9991EE}.Ad-Hoc|x64.ActiveCfg = Debug|iPhoneSimulator
		{5C295D78-E243-4108-B0BB-9DD68E9991EE}.Ad-Hoc|x64.Build.0 = Debug|iPhoneSimulator
		{5C295D78-E243-4108-B0BB-9DD68E9991EE}.Ad-Hoc|x86.ActiveCfg = Debug|iPhoneSimulator
		{5C295D78-E243-4108-B0BB-9DD68E9991EE}.Ad-Hoc|x86.Build.0 = Debug|iPhoneSimulator
		{5C295D78-E243-4108-B0BB-9DD68E9991EE}.AppStore|Any CPU.ActiveCfg = Debug|iPhoneSimulator
		{5C295D78-E243-4108-B0BB-9DD68E9991EE}.AppStore|Any CPU.Build.0 = Debug|iPhoneSimulator
		{5C295D78-E243-4108-B0BB-9DD68E9991EE}.AppStore|ARM.ActiveCfg = Debug|iPhoneSimulator
		{5C295D78-E243-4108-B0BB-9DD68E9991EE}.AppStore|ARM.Build.0 = Debug|iPhoneSimulator
		{5C295D78-E243-4108-B0BB-9DD68E9991EE}.AppStore|ARM64.ActiveCfg = Debug|iPhoneSimulator
		{5C295D78-E243-4108-B0BB-9DD68E9991EE}.AppStore|ARM64.Build.0 = Debug|iPhoneSimulator
		{5C295D78-E243-4108-B0BB-9DD68E9991EE}.AppStore|iPhone.ActiveCfg = Debug|iPhoneSimulator
		{5C295D78-E243-4108-B0BB-9DD68E9991EE}.AppStore|iPhone.Build.0 = Debug|iPhoneSimulator
		{5C295D78-E243-4108-B0BB-9DD68E9991EE}.AppStore|iPhoneSimulator.ActiveCfg = Debug|iPhoneSimulator
		{5C295D78-E243-4108-B0BB-9DD68E9991EE}.AppStore|iPhoneSimulator.Build.0 = Debug|iPhoneSimulator
		{5C295D78-E243-4108-B0BB-9DD68E9991EE}.AppStore|x64.ActiveCfg = Debug|iPhoneSimulator
		{5C295D78-E243-4108-B0BB-9DD68E9991EE}.AppStore|x64.Build.0 = Debug|iPhoneSimulator
		{5C295D78-E243-4108-B0BB-9DD68E9991EE}.AppStore|x86.ActiveCfg = Debug|iPhoneSimulator
		{5C295D78-E243-4108-B0BB-9DD68E9991EE}.AppStore|x86.Build.0 = Debug|iPhoneSimulator
		{5C295D78-E243-4108-B0BB-9DD68E9991EE}.Debug|Any CPU.ActiveCfg = Debug|iPhoneSimulator
		{5C295D78-E243-4108-B0BB-9DD68E9991EE}.Debug|Any CPU.Build.0 = Debug|iPhoneSimulator
		{5C295D78-E243-4108-B0BB-9DD68E9991EE}.Debug|ARM.ActiveCfg = Debug|iPhoneSimulator
		{5C295D78-E243-4108-B0BB-9DD68E9991EE}.Debug|ARM.Build.0 = Debug|iPhoneSimulator
		{5C295D78-E243-4108-B0BB-9DD68E9991EE}.Debug|ARM64.ActiveCfg = Debug|iPhoneSimulator
		{5C295D78-E243-4108-B0BB-9DD68E9991EE}.Debug|ARM64.Build.0 = Debug|iPhoneSimulator
		{5C295D78-E243-4108-B0BB-9DD68E9991EE}.Debug|iPhone.ActiveCfg = Debug|iPhoneSimulator
		{5C295D78-E243-4108-B0BB-9DD68E9991EE}.Debug|iPhone.Build.0 = Debug|iPhoneSimulator
		{5C295D78-E243-4108-B0BB-9DD68E9991EE}.Debug|iPhoneSimulator.ActiveCfg = Debug|iPhoneSimulator
		{5C295D78-E243-4108-B0BB-9DD68E9991EE}.Debug|iPhoneSimulator.Build.0 = Debug|iPhoneSimulator
		{5C295D78-E243-4108-B0BB-9DD68E9991EE}.Debug|x64.ActiveCfg = Debug|iPhoneSimulator
		{5C295D78-E243-4108-B0BB-9DD68E9991EE}.Debug|x64.Build.0 = Debug|iPhoneSimulator
		{5C295D78-E243-4108-B0BB-9DD68E9991EE}.Debug|x86.ActiveCfg = Debug|iPhoneSimulator
		{5C295D78-E243-4108-B0BB-9DD68E9991EE}.Debug|x86.Build.0 = Debug|iPhoneSimulator
		{5C295D78-E243-4108-B0BB-9DD68E9991EE}.Release|Any CPU.ActiveCfg = Release|iPhoneSimulator
		{5C295D78-E243-4108-B0BB-9DD68E9991EE}.Release|Any CPU.Build.0 = Release|iPhoneSimulator
		{5C295D78-E243-4108-B0BB-9DD68E9991EE}.Release|ARM.ActiveCfg = Release|iPhoneSimulator
		{5C295D78-E243-4108-B0BB-9DD68E9991EE}.Release|ARM.Build.0 = Release|iPhoneSimulator
		{5C295D78-E243-4108-B0BB-9DD68E9991EE}.Release|ARM64.ActiveCfg = Release|iPhoneSimulator
		{5C295D78-E243-4108-B0BB-9DD68E9991EE}.Release|ARM64.Build.0 = Release|iPhoneSimulator
		{5C295D78-E243-4108-B0BB-9DD68E9991EE}.Release|iPhone.ActiveCfg = Release|iPhoneSimulator
		{5C295D78-E243-4108-B0BB-9DD68E9991EE}.Release|iPhone.Build.0 = Release|iPhoneSimulator
		{5C295D78-E243-4108-B0BB-9DD68E9991EE}.Release|iPhoneSimulator.ActiveCfg = Release|iPhoneSimulator
		{5C295D78-E243-4108-B0BB-9DD68E9991EE}.Release|iPhoneSimulator.Build.0 = Release|iPhoneSimulator
		{5C295D78-E243-4108-B0BB-9DD68E9991EE}.Release|x64.ActiveCfg = Release|iPhoneSimulator
		{5C295D78-E243-4108-B0BB-9DD68E9991EE}.Release|x64.Build.0 = Release|iPhoneSimulator
		{5C295D78-E243-4108-B0BB-9DD68E9991EE}.Release|x86.ActiveCfg = Release|iPhoneSimulator
		{5C295D78-E243-4108-B0BB-9DD68E9991EE}.Release|x86.Build.0 = Release|iPhoneSimulator
		{DB070D68-4D9F-47B1-8F30-735A0C87EFAD}.Ad-Hoc|Any CPU.ActiveCfg = Debug|Any CPU
		{DB070D68-4D9F-47B1-8F30-735A0C87EFAD}.Ad-Hoc|Any CPU.Build.0 = Debug|Any CPU
		{DB070D68-4D9F-47B1-8F30-735A0C87EFAD}.Ad-Hoc|ARM.ActiveCfg = Debug|Any CPU
		{DB070D68-4D9F-47B1-8F30-735A0C87EFAD}.Ad-Hoc|ARM.Build.0 = Debug|Any CPU
		{DB070D68-4D9F-47B1-8F30-735A0C87EFAD}.Ad-Hoc|ARM64.ActiveCfg = Debug|Any CPU
		{DB070D68-4D9F-47B1-8F30-735A0C87EFAD}.Ad-Hoc|ARM64.Build.0 = Debug|Any CPU
		{DB070D68-4D9F-47B1-8F30-735A0C87EFAD}.Ad-Hoc|iPhone.ActiveCfg = Debug|Any CPU
		{DB070D68-4D9F-47B1-8F30-735A0C87EFAD}.Ad-Hoc|iPhone.Build.0 = Debug|Any CPU
		{DB070D68-4D9F-47B1-8F30-735A0C87EFAD}.Ad-Hoc|iPhoneSimulator.ActiveCfg = Debug|Any CPU
		{DB070D68-4D9F-47B1-8F30-735A0C87EFAD}.Ad-Hoc|iPhoneSimulator.Build.0 = Debug|Any CPU
		{DB070D68-4D9F-47B1-8F30-735A0C87EFAD}.Ad-Hoc|x64.ActiveCfg = Debug|Any CPU
		{DB070D68-4D9F-47B1-8F30-735A0C87EFAD}.Ad-Hoc|x64.Build.0 = Debug|Any CPU
		{DB070D68-4D9F-47B1-8F30-735A0C87EFAD}.Ad-Hoc|x86.ActiveCfg = Debug|Any CPU
		{DB070D68-4D9F-47B1-8F30-735A0C87EFAD}.Ad-Hoc|x86.Build.0 = Debug|Any CPU
		{DB070D68-4D9F-47B1-8F30-735A0C87EFAD}.AppStore|Any CPU.ActiveCfg = Debug|Any CPU
		{DB070D68-4D9F-47B1-8F30-735A0C87EFAD}.AppStore|Any CPU.Build.0 = Debug|Any CPU
		{DB070D68-4D9F-47B1-8F30-735A0C87EFAD}.AppStore|ARM.ActiveCfg = Debug|Any CPU
		{DB070D68-4D9F-47B1-8F30-735A0C87EFAD}.AppStore|ARM.Build.0 = Debug|Any CPU
		{DB070D68-4D9F-47B1-8F30-735A0C87EFAD}.AppStore|ARM64.ActiveCfg = Debug|Any CPU
		{DB070D68-4D9F-47B1-8F30-735A0C87EFAD}.AppStore|ARM64.Build.0 = Debug|Any CPU
		{DB070D68-4D9F-47B1-8F30-735A0C87EFAD}.AppStore|iPhone.ActiveCfg = Debug|Any CPU
		{DB070D68-4D9F-47B1-8F30-735A0C87EFAD}.AppStore|iPhone.Build.0 = Debug|Any CPU
		{DB070D68-4D9F-47B1-8F30-735A0C87EFAD}.AppStore|iPhoneSimulator.ActiveCfg = Debug|Any CPU
		{DB070D68-4D9F-47B1-8F30-735A0C87EFAD}.AppStore|iPhoneSimulator.Build.0 = Debug|Any CPU
		{DB070D68-4D9F-47B1-8F30-735A0C87EFAD}.AppStore|x64.ActiveCfg = Debug|Any CPU
		{DB070D68-4D9F-47B1-8F30-735A0C87EFAD}.AppStore|x64.Build.0 = Debug|Any CPU
		{DB070D68-4D9F-47B1-8F30-735A0C87EFAD}.AppStore|x86.ActiveCfg = Debug|Any CPU
		{DB070D68-4D9F-47B1-8F30-735A0C87EFAD}.AppStore|x86.Build.0 = Debug|Any CPU
		{DB070D68-4D9F-47B1-8F30-735A0C87EFAD}.Debug|Any CPU.ActiveCfg = Debug|Any CPU
		{DB070D68-4D9F-47B1-8F30-735A0C87EFAD}.Debug|Any CPU.Build.0 = Debug|Any CPU
		{DB070D68-4D9F-47B1-8F30-735A0C87EFAD}.Debug|ARM.ActiveCfg = Debug|Any CPU
		{DB070D68-4D9F-47B1-8F30-735A0C87EFAD}.Debug|ARM.Build.0 = Debug|Any CPU
		{DB070D68-4D9F-47B1-8F30-735A0C87EFAD}.Debug|ARM64.ActiveCfg = Debug|Any CPU
		{DB070D68-4D9F-47B1-8F30-735A0C87EFAD}.Debug|ARM64.Build.0 = Debug|Any CPU
		{DB070D68-4D9F-47B1-8F30-735A0C87EFAD}.Debug|iPhone.ActiveCfg = Debug|Any CPU
		{DB070D68-4D9F-47B1-8F30-735A0C87EFAD}.Debug|iPhone.Build.0 = Debug|Any CPU
		{DB070D68-4D9F-47B1-8F30-735A0C87EFAD}.Debug|iPhoneSimulator.ActiveCfg = Debug|Any CPU
		{DB070D68-4D9F-47B1-8F30-735A0C87EFAD}.Debug|iPhoneSimulator.Build.0 = Debug|Any CPU
		{DB070D68-4D9F-47B1-8F30-735A0C87EFAD}.Debug|x64.ActiveCfg = Debug|Any CPU
		{DB070D68-4D9F-47B1-8F30-735A0C87EFAD}.Debug|x64.Build.0 = Debug|Any CPU
		{DB070D68-4D9F-47B1-8F30-735A0C87EFAD}.Debug|x86.ActiveCfg = Debug|Any CPU
		{DB070D68-4D9F-47B1-8F30-735A0C87EFAD}.Debug|x86.Build.0 = Debug|Any CPU
		{DB070D68-4D9F-47B1-8F30-735A0C87EFAD}.Release|Any CPU.ActiveCfg = Release|Any CPU
		{DB070D68-4D9F-47B1-8F30-735A0C87EFAD}.Release|Any CPU.Build.0 = Release|Any CPU
		{DB070D68-4D9F-47B1-8F30-735A0C87EFAD}.Release|ARM.ActiveCfg = Release|Any CPU
		{DB070D68-4D9F-47B1-8F30-735A0C87EFAD}.Release|ARM.Build.0 = Release|Any CPU
		{DB070D68-4D9F-47B1-8F30-735A0C87EFAD}.Release|ARM64.ActiveCfg = Release|Any CPU
		{DB070D68-4D9F-47B1-8F30-735A0C87EFAD}.Release|ARM64.Build.0 = Release|Any CPU
		{DB070D68-4D9F-47B1-8F30-735A0C87EFAD}.Release|iPhone.ActiveCfg = Release|Any CPU
		{DB070D68-4D9F-47B1-8F30-735A0C87EFAD}.Release|iPhone.Build.0 = Release|Any CPU
		{DB070D68-4D9F-47B1-8F30-735A0C87EFAD}.Release|iPhoneSimulator.ActiveCfg = Release|Any CPU
		{DB070D68-4D9F-47B1-8F30-735A0C87EFAD}.Release|iPhoneSimulator.Build.0 = Release|Any CPU
		{DB070D68-4D9F-47B1-8F30-735A0C87EFAD}.Release|x64.ActiveCfg = Release|Any CPU
		{DB070D68-4D9F-47B1-8F30-735A0C87EFAD}.Release|x64.Build.0 = Release|Any CPU
		{DB070D68-4D9F-47B1-8F30-735A0C87EFAD}.Release|x86.ActiveCfg = Release|Any CPU
		{DB070D68-4D9F-47B1-8F30-735A0C87EFAD}.Release|x86.Build.0 = Release|Any CPU
		{FFC7DA04-6E1D-4499-87D7-24D9454CDFD3}.Ad-Hoc|Any CPU.ActiveCfg = Debug|Any CPU
		{FFC7DA04-6E1D-4499-87D7-24D9454CDFD3}.Ad-Hoc|Any CPU.Build.0 = Debug|Any CPU
		{FFC7DA04-6E1D-4499-87D7-24D9454CDFD3}.Ad-Hoc|ARM.ActiveCfg = Debug|Any CPU
		{FFC7DA04-6E1D-4499-87D7-24D9454CDFD3}.Ad-Hoc|ARM.Build.0 = Debug|Any CPU
		{FFC7DA04-6E1D-4499-87D7-24D9454CDFD3}.Ad-Hoc|ARM64.ActiveCfg = Debug|Any CPU
		{FFC7DA04-6E1D-4499-87D7-24D9454CDFD3}.Ad-Hoc|ARM64.Build.0 = Debug|Any CPU
		{FFC7DA04-6E1D-4499-87D7-24D9454CDFD3}.Ad-Hoc|iPhone.ActiveCfg = Debug|Any CPU
		{FFC7DA04-6E1D-4499-87D7-24D9454CDFD3}.Ad-Hoc|iPhone.Build.0 = Debug|Any CPU
		{FFC7DA04-6E1D-4499-87D7-24D9454CDFD3}.Ad-Hoc|iPhoneSimulator.ActiveCfg = Debug|Any CPU
		{FFC7DA04-6E1D-4499-87D7-24D9454CDFD3}.Ad-Hoc|iPhoneSimulator.Build.0 = Debug|Any CPU
		{FFC7DA04-6E1D-4499-87D7-24D9454CDFD3}.Ad-Hoc|x64.ActiveCfg = Debug|Any CPU
		{FFC7DA04-6E1D-4499-87D7-24D9454CDFD3}.Ad-Hoc|x64.Build.0 = Debug|Any CPU
		{FFC7DA04-6E1D-4499-87D7-24D9454CDFD3}.Ad-Hoc|x86.ActiveCfg = Debug|Any CPU
		{FFC7DA04-6E1D-4499-87D7-24D9454CDFD3}.Ad-Hoc|x86.Build.0 = Debug|Any CPU
		{FFC7DA04-6E1D-4499-87D7-24D9454CDFD3}.AppStore|Any CPU.ActiveCfg = Debug|Any CPU
		{FFC7DA04-6E1D-4499-87D7-24D9454CDFD3}.AppStore|Any CPU.Build.0 = Debug|Any CPU
		{FFC7DA04-6E1D-4499-87D7-24D9454CDFD3}.AppStore|ARM.ActiveCfg = Debug|Any CPU
		{FFC7DA04-6E1D-4499-87D7-24D9454CDFD3}.AppStore|ARM.Build.0 = Debug|Any CPU
		{FFC7DA04-6E1D-4499-87D7-24D9454CDFD3}.AppStore|ARM64.ActiveCfg = Debug|Any CPU
		{FFC7DA04-6E1D-4499-87D7-24D9454CDFD3}.AppStore|ARM64.Build.0 = Debug|Any CPU
		{FFC7DA04-6E1D-4499-87D7-24D9454CDFD3}.AppStore|iPhone.ActiveCfg = Debug|Any CPU
		{FFC7DA04-6E1D-4499-87D7-24D9454CDFD3}.AppStore|iPhone.Build.0 = Debug|Any CPU
		{FFC7DA04-6E1D-4499-87D7-24D9454CDFD3}.AppStore|iPhoneSimulator.ActiveCfg = Debug|Any CPU
		{FFC7DA04-6E1D-4499-87D7-24D9454CDFD3}.AppStore|iPhoneSimulator.Build.0 = Debug|Any CPU
		{FFC7DA04-6E1D-4499-87D7-24D9454CDFD3}.AppStore|x64.ActiveCfg = Debug|Any CPU
		{FFC7DA04-6E1D-4499-87D7-24D9454CDFD3}.AppStore|x64.Build.0 = Debug|Any CPU
		{FFC7DA04-6E1D-4499-87D7-24D9454CDFD3}.AppStore|x86.ActiveCfg = Debug|Any CPU
		{FFC7DA04-6E1D-4499-87D7-24D9454CDFD3}.AppStore|x86.Build.0 = Debug|Any CPU
		{FFC7DA04-6E1D-4499-87D7-24D9454CDFD3}.Debug|Any CPU.ActiveCfg = Debug|Any CPU
		{FFC7DA04-6E1D-4499-87D7-24D9454CDFD3}.Debug|Any CPU.Build.0 = Debug|Any CPU
		{FFC7DA04-6E1D-4499-87D7-24D9454CDFD3}.Debug|ARM.ActiveCfg = Debug|Any CPU
		{FFC7DA04-6E1D-4499-87D7-24D9454CDFD3}.Debug|ARM.Build.0 = Debug|Any CPU
		{FFC7DA04-6E1D-4499-87D7-24D9454CDFD3}.Debug|ARM64.ActiveCfg = Debug|Any CPU
		{FFC7DA04-6E1D-4499-87D7-24D9454CDFD3}.Debug|ARM64.Build.0 = Debug|Any CPU
		{FFC7DA04-6E1D-4499-87D7-24D9454CDFD3}.Debug|iPhone.ActiveCfg = Debug|Any CPU
		{FFC7DA04-6E1D-4499-87D7-24D9454CDFD3}.Debug|iPhone.Build.0 = Debug|Any CPU
		{FFC7DA04-6E1D-4499-87D7-24D9454CDFD3}.Debug|iPhoneSimulator.ActiveCfg = Debug|Any CPU
		{FFC7DA04-6E1D-4499-87D7-24D9454CDFD3}.Debug|iPhoneSimulator.Build.0 = Debug|Any CPU
		{FFC7DA04-6E1D-4499-87D7-24D9454CDFD3}.Debug|x64.ActiveCfg = Debug|Any CPU
		{FFC7DA04-6E1D-4499-87D7-24D9454CDFD3}.Debug|x64.Build.0 = Debug|Any CPU
		{FFC7DA04-6E1D-4499-87D7-24D9454CDFD3}.Debug|x86.ActiveCfg = Debug|Any CPU
		{FFC7DA04-6E1D-4499-87D7-24D9454CDFD3}.Debug|x86.Build.0 = Debug|Any CPU
		{FFC7DA04-6E1D-4499-87D7-24D9454CDFD3}.Release|Any CPU.ActiveCfg = Release|Any CPU
		{FFC7DA04-6E1D-4499-87D7-24D9454CDFD3}.Release|Any CPU.Build.0 = Release|Any CPU
		{FFC7DA04-6E1D-4499-87D7-24D9454CDFD3}.Release|ARM.ActiveCfg = Release|Any CPU
		{FFC7DA04-6E1D-4499-87D7-24D9454CDFD3}.Release|ARM.Build.0 = Release|Any CPU
		{FFC7DA04-6E1D-4499-87D7-24D9454CDFD3}.Release|ARM64.ActiveCfg = Release|Any CPU
		{FFC7DA04-6E1D-4499-87D7-24D9454CDFD3}.Release|ARM64.Build.0 = Release|Any CPU
		{FFC7DA04-6E1D-4499-87D7-24D9454CDFD3}.Release|iPhone.ActiveCfg = Release|Any CPU
		{FFC7DA04-6E1D-4499-87D7-24D9454CDFD3}.Release|iPhone.Build.0 = Release|Any CPU
		{FFC7DA04-6E1D-4499-87D7-24D9454CDFD3}.Release|iPhoneSimulator.ActiveCfg = Release|Any CPU
		{FFC7DA04-6E1D-4499-87D7-24D9454CDFD3}.Release|iPhoneSimulator.Build.0 = Release|Any CPU
		{FFC7DA04-6E1D-4499-87D7-24D9454CDFD3}.Release|x64.ActiveCfg = Release|Any CPU
		{FFC7DA04-6E1D-4499-87D7-24D9454CDFD3}.Release|x64.Build.0 = Release|Any CPU
		{FFC7DA04-6E1D-4499-87D7-24D9454CDFD3}.Release|x86.ActiveCfg = Release|Any CPU
		{FFC7DA04-6E1D-4499-87D7-24D9454CDFD3}.Release|x86.Build.0 = Release|Any CPU
		{425BFC8C-FE94-49A5-AABD-22D9FE0E4CB4}.Ad-Hoc|Any CPU.ActiveCfg = Debug|Any CPU
		{425BFC8C-FE94-49A5-AABD-22D9FE0E4CB4}.Ad-Hoc|Any CPU.Build.0 = Debug|Any CPU
		{425BFC8C-FE94-49A5-AABD-22D9FE0E4CB4}.Ad-Hoc|ARM.ActiveCfg = Debug|Any CPU
		{425BFC8C-FE94-49A5-AABD-22D9FE0E4CB4}.Ad-Hoc|ARM.Build.0 = Debug|Any CPU
		{425BFC8C-FE94-49A5-AABD-22D9FE0E4CB4}.Ad-Hoc|ARM64.ActiveCfg = Debug|Any CPU
		{425BFC8C-FE94-49A5-AABD-22D9FE0E4CB4}.Ad-Hoc|ARM64.Build.0 = Debug|Any CPU
		{425BFC8C-FE94-49A5-AABD-22D9FE0E4CB4}.Ad-Hoc|iPhone.ActiveCfg = Debug|Any CPU
		{425BFC8C-FE94-49A5-AABD-22D9FE0E4CB4}.Ad-Hoc|iPhone.Build.0 = Debug|Any CPU
		{425BFC8C-FE94-49A5-AABD-22D9FE0E4CB4}.Ad-Hoc|iPhoneSimulator.ActiveCfg = Debug|Any CPU
		{425BFC8C-FE94-49A5-AABD-22D9FE0E4CB4}.Ad-Hoc|iPhoneSimulator.Build.0 = Debug|Any CPU
		{425BFC8C-FE94-49A5-AABD-22D9FE0E4CB4}.Ad-Hoc|x64.ActiveCfg = Debug|Any CPU
		{425BFC8C-FE94-49A5-AABD-22D9FE0E4CB4}.Ad-Hoc|x64.Build.0 = Debug|Any CPU
		{425BFC8C-FE94-49A5-AABD-22D9FE0E4CB4}.Ad-Hoc|x86.ActiveCfg = Debug|Any CPU
		{425BFC8C-FE94-49A5-AABD-22D9FE0E4CB4}.Ad-Hoc|x86.Build.0 = Debug|Any CPU
		{425BFC8C-FE94-49A5-AABD-22D9FE0E4CB4}.AppStore|Any CPU.ActiveCfg = Debug|Any CPU
		{425BFC8C-FE94-49A5-AABD-22D9FE0E4CB4}.AppStore|Any CPU.Build.0 = Debug|Any CPU
		{425BFC8C-FE94-49A5-AABD-22D9FE0E4CB4}.AppStore|ARM.ActiveCfg = Debug|Any CPU
		{425BFC8C-FE94-49A5-AABD-22D9FE0E4CB4}.AppStore|ARM.Build.0 = Debug|Any CPU
		{425BFC8C-FE94-49A5-AABD-22D9FE0E4CB4}.AppStore|ARM64.ActiveCfg = Debug|Any CPU
		{425BFC8C-FE94-49A5-AABD-22D9FE0E4CB4}.AppStore|ARM64.Build.0 = Debug|Any CPU
		{425BFC8C-FE94-49A5-AABD-22D9FE0E4CB4}.AppStore|iPhone.ActiveCfg = Debug|Any CPU
		{425BFC8C-FE94-49A5-AABD-22D9FE0E4CB4}.AppStore|iPhone.Build.0 = Debug|Any CPU
		{425BFC8C-FE94-49A5-AABD-22D9FE0E4CB4}.AppStore|iPhoneSimulator.ActiveCfg = Debug|Any CPU
		{425BFC8C-FE94-49A5-AABD-22D9FE0E4CB4}.AppStore|iPhoneSimulator.Build.0 = Debug|Any CPU
		{425BFC8C-FE94-49A5-AABD-22D9FE0E4CB4}.AppStore|x64.ActiveCfg = Debug|Any CPU
		{425BFC8C-FE94-49A5-AABD-22D9FE0E4CB4}.AppStore|x64.Build.0 = Debug|Any CPU
		{425BFC8C-FE94-49A5-AABD-22D9FE0E4CB4}.AppStore|x86.ActiveCfg = Debug|Any CPU
		{425BFC8C-FE94-49A5-AABD-22D9FE0E4CB4}.AppStore|x86.Build.0 = Debug|Any CPU
		{425BFC8C-FE94-49A5-AABD-22D9FE0E4CB4}.Debug|Any CPU.ActiveCfg = Debug|Any CPU
		{425BFC8C-FE94-49A5-AABD-22D9FE0E4CB4}.Debug|Any CPU.Build.0 = Debug|Any CPU
		{425BFC8C-FE94-49A5-AABD-22D9FE0E4CB4}.Debug|ARM.ActiveCfg = Debug|Any CPU
		{425BFC8C-FE94-49A5-AABD-22D9FE0E4CB4}.Debug|ARM.Build.0 = Debug|Any CPU
		{425BFC8C-FE94-49A5-AABD-22D9FE0E4CB4}.Debug|ARM64.ActiveCfg = Debug|Any CPU
		{425BFC8C-FE94-49A5-AABD-22D9FE0E4CB4}.Debug|ARM64.Build.0 = Debug|Any CPU
		{425BFC8C-FE94-49A5-AABD-22D9FE0E4CB4}.Debug|iPhone.ActiveCfg = Debug|Any CPU
		{425BFC8C-FE94-49A5-AABD-22D9FE0E4CB4}.Debug|iPhone.Build.0 = Debug|Any CPU
		{425BFC8C-FE94-49A5-AABD-22D9FE0E4CB4}.Debug|iPhoneSimulator.ActiveCfg = Debug|Any CPU
		{425BFC8C-FE94-49A5-AABD-22D9FE0E4CB4}.Debug|iPhoneSimulator.Build.0 = Debug|Any CPU
		{425BFC8C-FE94-49A5-AABD-22D9FE0E4CB4}.Debug|x64.ActiveCfg = Debug|Any CPU
		{425BFC8C-FE94-49A5-AABD-22D9FE0E4CB4}.Debug|x64.Build.0 = Debug|Any CPU
		{425BFC8C-FE94-49A5-AABD-22D9FE0E4CB4}.Debug|x86.ActiveCfg = Debug|Any CPU
		{425BFC8C-FE94-49A5-AABD-22D9FE0E4CB4}.Debug|x86.Build.0 = Debug|Any CPU
		{425BFC8C-FE94-49A5-AABD-22D9FE0E4CB4}.Release|Any CPU.ActiveCfg = Release|Any CPU
		{425BFC8C-FE94-49A5-AABD-22D9FE0E4CB4}.Release|Any CPU.Build.0 = Release|Any CPU
		{425BFC8C-FE94-49A5-AABD-22D9FE0E4CB4}.Release|ARM.ActiveCfg = Release|Any CPU
		{425BFC8C-FE94-49A5-AABD-22D9FE0E4CB4}.Release|ARM.Build.0 = Release|Any CPU
		{425BFC8C-FE94-49A5-AABD-22D9FE0E4CB4}.Release|ARM64.ActiveCfg = Release|Any CPU
		{425BFC8C-FE94-49A5-AABD-22D9FE0E4CB4}.Release|ARM64.Build.0 = Release|Any CPU
		{425BFC8C-FE94-49A5-AABD-22D9FE0E4CB4}.Release|iPhone.ActiveCfg = Release|Any CPU
		{425BFC8C-FE94-49A5-AABD-22D9FE0E4CB4}.Release|iPhone.Build.0 = Release|Any CPU
		{425BFC8C-FE94-49A5-AABD-22D9FE0E4CB4}.Release|iPhoneSimulator.ActiveCfg = Release|Any CPU
		{425BFC8C-FE94-49A5-AABD-22D9FE0E4CB4}.Release|iPhoneSimulator.Build.0 = Release|Any CPU
		{425BFC8C-FE94-49A5-AABD-22D9FE0E4CB4}.Release|x64.ActiveCfg = Release|Any CPU
		{425BFC8C-FE94-49A5-AABD-22D9FE0E4CB4}.Release|x64.Build.0 = Release|Any CPU
		{425BFC8C-FE94-49A5-AABD-22D9FE0E4CB4}.Release|x86.ActiveCfg = Release|Any CPU
		{425BFC8C-FE94-49A5-AABD-22D9FE0E4CB4}.Release|x86.Build.0 = Release|Any CPU
		{B017E655-4BEA-4AC1-8207-B91667BFFC29}.Ad-Hoc|Any CPU.ActiveCfg = Debug|Any CPU
		{B017E655-4BEA-4AC1-8207-B91667BFFC29}.Ad-Hoc|Any CPU.Build.0 = Debug|Any CPU
		{B017E655-4BEA-4AC1-8207-B91667BFFC29}.Ad-Hoc|ARM.ActiveCfg = Debug|Any CPU
		{B017E655-4BEA-4AC1-8207-B91667BFFC29}.Ad-Hoc|ARM.Build.0 = Debug|Any CPU
		{B017E655-4BEA-4AC1-8207-B91667BFFC29}.Ad-Hoc|ARM64.ActiveCfg = Debug|Any CPU
		{B017E655-4BEA-4AC1-8207-B91667BFFC29}.Ad-Hoc|ARM64.Build.0 = Debug|Any CPU
		{B017E655-4BEA-4AC1-8207-B91667BFFC29}.Ad-Hoc|iPhone.ActiveCfg = Debug|Any CPU
		{B017E655-4BEA-4AC1-8207-B91667BFFC29}.Ad-Hoc|iPhone.Build.0 = Debug|Any CPU
		{B017E655-4BEA-4AC1-8207-B91667BFFC29}.Ad-Hoc|iPhoneSimulator.ActiveCfg = Debug|Any CPU
		{B017E655-4BEA-4AC1-8207-B91667BFFC29}.Ad-Hoc|iPhoneSimulator.Build.0 = Debug|Any CPU
		{B017E655-4BEA-4AC1-8207-B91667BFFC29}.Ad-Hoc|x64.ActiveCfg = Debug|Any CPU
		{B017E655-4BEA-4AC1-8207-B91667BFFC29}.Ad-Hoc|x64.Build.0 = Debug|Any CPU
		{B017E655-4BEA-4AC1-8207-B91667BFFC29}.Ad-Hoc|x86.ActiveCfg = Debug|Any CPU
		{B017E655-4BEA-4AC1-8207-B91667BFFC29}.Ad-Hoc|x86.Build.0 = Debug|Any CPU
		{B017E655-4BEA-4AC1-8207-B91667BFFC29}.AppStore|Any CPU.ActiveCfg = Debug|Any CPU
		{B017E655-4BEA-4AC1-8207-B91667BFFC29}.AppStore|Any CPU.Build.0 = Debug|Any CPU
		{B017E655-4BEA-4AC1-8207-B91667BFFC29}.AppStore|ARM.ActiveCfg = Debug|Any CPU
		{B017E655-4BEA-4AC1-8207-B91667BFFC29}.AppStore|ARM.Build.0 = Debug|Any CPU
		{B017E655-4BEA-4AC1-8207-B91667BFFC29}.AppStore|ARM64.ActiveCfg = Debug|Any CPU
		{B017E655-4BEA-4AC1-8207-B91667BFFC29}.AppStore|ARM64.Build.0 = Debug|Any CPU
		{B017E655-4BEA-4AC1-8207-B91667BFFC29}.AppStore|iPhone.ActiveCfg = Debug|Any CPU
		{B017E655-4BEA-4AC1-8207-B91667BFFC29}.AppStore|iPhone.Build.0 = Debug|Any CPU
		{B017E655-4BEA-4AC1-8207-B91667BFFC29}.AppStore|iPhoneSimulator.ActiveCfg = Debug|Any CPU
		{B017E655-4BEA-4AC1-8207-B91667BFFC29}.AppStore|iPhoneSimulator.Build.0 = Debug|Any CPU
		{B017E655-4BEA-4AC1-8207-B91667BFFC29}.AppStore|x64.ActiveCfg = Debug|Any CPU
		{B017E655-4BEA-4AC1-8207-B91667BFFC29}.AppStore|x64.Build.0 = Debug|Any CPU
		{B017E655-4BEA-4AC1-8207-B91667BFFC29}.AppStore|x86.ActiveCfg = Debug|Any CPU
		{B017E655-4BEA-4AC1-8207-B91667BFFC29}.AppStore|x86.Build.0 = Debug|Any CPU
		{B017E655-4BEA-4AC1-8207-B91667BFFC29}.Debug|Any CPU.ActiveCfg = Debug|Any CPU
		{B017E655-4BEA-4AC1-8207-B91667BFFC29}.Debug|Any CPU.Build.0 = Debug|Any CPU
		{B017E655-4BEA-4AC1-8207-B91667BFFC29}.Debug|ARM.ActiveCfg = Debug|Any CPU
		{B017E655-4BEA-4AC1-8207-B91667BFFC29}.Debug|ARM.Build.0 = Debug|Any CPU
		{B017E655-4BEA-4AC1-8207-B91667BFFC29}.Debug|ARM64.ActiveCfg = Debug|Any CPU
		{B017E655-4BEA-4AC1-8207-B91667BFFC29}.Debug|ARM64.Build.0 = Debug|Any CPU
		{B017E655-4BEA-4AC1-8207-B91667BFFC29}.Debug|iPhone.ActiveCfg = Debug|Any CPU
		{B017E655-4BEA-4AC1-8207-B91667BFFC29}.Debug|iPhone.Build.0 = Debug|Any CPU
		{B017E655-4BEA-4AC1-8207-B91667BFFC29}.Debug|iPhoneSimulator.ActiveCfg = Debug|Any CPU
		{B017E655-4BEA-4AC1-8207-B91667BFFC29}.Debug|iPhoneSimulator.Build.0 = Debug|Any CPU
		{B017E655-4BEA-4AC1-8207-B91667BFFC29}.Debug|x64.ActiveCfg = Debug|Any CPU
		{B017E655-4BEA-4AC1-8207-B91667BFFC29}.Debug|x64.Build.0 = Debug|Any CPU
		{B017E655-4BEA-4AC1-8207-B91667BFFC29}.Debug|x86.ActiveCfg = Debug|Any CPU
		{B017E655-4BEA-4AC1-8207-B91667BFFC29}.Debug|x86.Build.0 = Debug|Any CPU
		{B017E655-4BEA-4AC1-8207-B91667BFFC29}.Release|Any CPU.ActiveCfg = Release|Any CPU
		{B017E655-4BEA-4AC1-8207-B91667BFFC29}.Release|Any CPU.Build.0 = Release|Any CPU
		{B017E655-4BEA-4AC1-8207-B91667BFFC29}.Release|ARM.ActiveCfg = Release|Any CPU
		{B017E655-4BEA-4AC1-8207-B91667BFFC29}.Release|ARM.Build.0 = Release|Any CPU
		{B017E655-4BEA-4AC1-8207-B91667BFFC29}.Release|ARM64.ActiveCfg = Release|Any CPU
		{B017E655-4BEA-4AC1-8207-B91667BFFC29}.Release|ARM64.Build.0 = Release|Any CPU
		{B017E655-4BEA-4AC1-8207-B91667BFFC29}.Release|iPhone.ActiveCfg = Release|Any CPU
		{B017E655-4BEA-4AC1-8207-B91667BFFC29}.Release|iPhone.Build.0 = Release|Any CPU
		{B017E655-4BEA-4AC1-8207-B91667BFFC29}.Release|iPhoneSimulator.ActiveCfg = Release|Any CPU
		{B017E655-4BEA-4AC1-8207-B91667BFFC29}.Release|iPhoneSimulator.Build.0 = Release|Any CPU
		{B017E655-4BEA-4AC1-8207-B91667BFFC29}.Release|x64.ActiveCfg = Release|Any CPU
		{B017E655-4BEA-4AC1-8207-B91667BFFC29}.Release|x64.Build.0 = Release|Any CPU
		{B017E655-4BEA-4AC1-8207-B91667BFFC29}.Release|x86.ActiveCfg = Release|Any CPU
		{B017E655-4BEA-4AC1-8207-B91667BFFC29}.Release|x86.Build.0 = Release|Any CPU
	EndGlobalSection
	GlobalSection(SolutionProperties) = preSolution
		HideSolutionNode = FALSE
	EndGlobalSection
	GlobalSection(NestedProjects) = preSolution
		{F84681FE-6561-413B-B0CC-4F6D2F8524A6} = {B8079407-0D8E-4E40-B0E4-AC6A6BA81991}
		{DA1AE7AE-35AD-4BB8-948F-0B8130B4665A} = {B8079407-0D8E-4E40-B0E4-AC6A6BA81991}
		{DC52796F-8D4C-4D23-B643-5477A32421BB} = {B8079407-0D8E-4E40-B0E4-AC6A6BA81991}
		{EC3D4064-AA67-4D78-8CEF-09D2B75D82AD} = {B8079407-0D8E-4E40-B0E4-AC6A6BA81991}
		{5C295D78-E243-4108-B0BB-9DD68E9991EE} = {B8079407-0D8E-4E40-B0E4-AC6A6BA81991}
		{DB070D68-4D9F-47B1-8F30-735A0C87EFAD} = {B8079407-0D8E-4E40-B0E4-AC6A6BA81991}
		{FFC7DA04-6E1D-4499-87D7-24D9454CDFD3} = {B8079407-0D8E-4E40-B0E4-AC6A6BA81991}
		{425BFC8C-FE94-49A5-AABD-22D9FE0E4CB4} = {B8079407-0D8E-4E40-B0E4-AC6A6BA81991}
		{B017E655-4BEA-4AC1-8207-B91667BFFC29} = {B8079407-0D8E-4E40-B0E4-AC6A6BA81991}
	EndGlobalSection
	GlobalSection(ExtensibilityGlobals) = postSolution
		SolutionGuid = {0A9DF3E3-DDB7-42B9-A436-E8B668151338}
	EndGlobalSection
EndGlobal
